
Microsoft Visual Studio Solution File, Format Version 12.00
# Visual Studio Version 17
VisualStudioVersion = 17.13.35617.110 d17.13
MinimumVisualStudioVersion = 10.0.40219.1
Project("{FAE04EC0-301F-11D3-BF4B-00C04F79EFBC}") = "Shadr", "Shadr.csproj", "{77B5E94E-3209-45B9-9919-CDC5F4877D3E}"
EndProject
Global
	GlobalSection(SolutionConfigurationPlatforms) = preSolution
		Debug|Any CPU = Debug|Any CPU
		Release|Any CPU = Release|Any CPU
	EndGlobalSection
	GlobalSection(ProjectConfigurationPlatforms) = postSolution
		{77B5E94E-3209-45B9-9919-CDC5F4877D3E}.Debug|Any CPU.ActiveCfg = Debug|Any CPU
		{77B5E94E-3209-45B9-9919-CDC5F4877D3E}.Debug|Any CPU.Build.0 = Debug|Any CPU
		{77B5E94E-3209-45B9-9919-CDC5F4877D3E}.Release|Any CPU.ActiveCfg = Release|Any CPU
		{77B5E94E-3209-45B9-9919-CDC5F4877D3E}.Release|Any CPU.Build.0 = Release|Any CPU
	EndGlobalSection
	GlobalSection(SolutionProperties) = preSolution
		HideSolutionNode = FALSE
	EndGlobalSection
	GlobalSection(ExtensibilityGlobals) = postSolution
		SolutionGuid = {8B4E62B2-C630-40AA-8C26-0D0A50B0715B}
	EndGlobalSection
EndGlobal
